
Microsoft Visual Studio Solution File, Format Version 12.00
# Visual Studio Version 17
VisualStudioVersion = 17.13.35931.197 d17.13
MinimumVisualStudioVersion = 10.0.40219.1
Project("{FAE04EC0-301F-11D3-BF4B-00C04F79EFBC}") = "TVprogram", "TVprogram.csproj", "{27D008F3-4379-4891-8D9E-D5E520C0D55F}"
EndProject
Global
	GlobalSection(SolutionConfigurationPlatforms) = preSolution
		Debug|Any CPU = Debug|Any CPU
		Release|Any CPU = Release|Any CPU
	EndGlobalSection
	GlobalSection(ProjectConfigurationPlatforms) = postSolution
		{27D008F3-4379-4891-8D9E-D5E520C0D55F}.Debug|Any CPU.ActiveCfg = Debug|Any CPU
		{27D008F3-4379-4891-8D9E-D5E520C0D55F}.Debug|Any CPU.Build.0 = Debug|Any CPU
		{27D008F3-4379-4891-8D9E-D5E520C0D55F}.Release|Any CPU.ActiveCfg = Release|Any CPU
		{27D008F3-4379-4891-8D9E-D5E520C0D55F}.Release|Any CPU.Build.0 = Release|Any CPU
	EndGlobalSection
	GlobalSection(SolutionProperties) = preSolution
		HideSolutionNode = FALSE
	EndGlobalSection
	GlobalSection(ExtensibilityGlobals) = postSolution
		SolutionGuid = {FC905C7E-C669-4DBB-A4B9-202A58E0A309}
	EndGlobalSection
EndGlobal
